
Microsoft Visual Studio Solution File, Format Version 10.00
# Visual Studio 2008
Project("{FAE04EC0-301F-11D3-BF4B-00C04F79EFBC}") = "TX_Demo01", "tx_demo01\TX_Demo01.csproj", "{74CC13CE-6EFB-4B37-AD66-C52319A70A7B}"
EndProject
Project("{FAE04EC0-301F-11D3-BF4B-00C04F79EFBC}") = "TX_Demo02", "tx_demo02\TX_Demo02.csproj", "{91BAF5FA-5600-4432-A2A6-2441B1AEF4E2}"
EndProject
Project("{FAE04EC0-301F-11D3-BF4B-00C04F79EFBC}") = "TX_Demo03", "tx_demo03\TX_Demo03.csproj", "{40BC2292-F1F8-4536-9341-043EFB166C7B}"
EndProject
Global
	GlobalSection(SolutionConfigurationPlatforms) = preSolution
		Debug|Any CPU = Debug|Any CPU
		Release|Any CPU = Release|Any CPU
	EndGlobalSection
	GlobalSection(ProjectConfigurationPlatforms) = postSolution
		{74CC13CE-6EFB-4B37-AD66-C52319A70A7B}.Debug|Any CPU.ActiveCfg = Debug|Any CPU
		{74CC13CE-6EFB-4B37-AD66-C52319A70A7B}.Debug|Any CPU.Build.0 = Debug|Any CPU
		{74CC13CE-6EFB-4B37-AD66-C52319A70A7B}.Release|Any CPU.ActiveCfg = Release|Any CPU
		{74CC13CE-6EFB-4B37-AD66-C52319A70A7B}.Release|Any CPU.Build.0 = Release|Any CPU
		{91BAF5FA-5600-4432-A2A6-2441B1AEF4E2}.Debug|Any CPU.ActiveCfg = Debug|Any CPU
		{91BAF5FA-5600-4432-A2A6-2441B1AEF4E2}.Debug|Any CPU.Build.0 = Debug|Any CPU
		{91BAF5FA-5600-4432-A2A6-2441B1AEF4E2}.Release|Any CPU.ActiveCfg = Release|Any CPU
		{91BAF5FA-5600-4432-A2A6-2441B1AEF4E2}.Release|Any CPU.Build.0 = Release|Any CPU
		{40BC2292-F1F8-4536-9341-043EFB166C7B}.Debug|Any CPU.ActiveCfg = Debug|Any CPU
		{40BC2292-F1F8-4536-9341-043EFB166C7B}.Debug|Any CPU.Build.0 = Debug|Any CPU
		{40BC2292-F1F8-4536-9341-043EFB166C7B}.Release|Any CPU.ActiveCfg = Release|Any CPU
		{40BC2292-F1F8-4536-9341-043EFB166C7B}.Release|Any CPU.Build.0 = Release|Any CPU
	EndGlobalSection
	GlobalSection(SolutionProperties) = preSolution
		HideSolutionNode = FALSE
	EndGlobalSection
EndGlobal
